{
  "name": "jspf-playlist",
  "version": "1.0.0",
  "lockfileVersion": 2,
  "requires": true,
  "packages": {
    "": {
      "name": "jspf-playlist",
      "version": "1.0.0",
      "license": "ISC",
      "dependencies": {
        "objectmodel": "^4.4.4"
      }
    },
    "node_modules/objectmodel": {
      "version": "4.4.4",
      "resolved": "https://registry.npmjs.org/objectmodel/-/objectmodel-4.4.4.tgz",
      "integrity": "sha512-xNnQWaD8JKmxu7ly78lo3MwVasXRCS4AfYimbGxhwokp2VbSKcJzeInulOYLWQco63X424p7GbrVW69RNHpLrg==",
      "engines": {
        "node": ">=13",
        "npm": ">=6.14"
      }
    }
  },
  "dependencies": {
    "objectmodel": {
      "version": "4.4.4",
      "resolved": "https://registry.npmjs.org/objectmodel/-/objectmodel-4.4.4.tgz",
      "integrity": "sha512-xNnQWaD8JKmxu7ly78lo3MwVasXRCS4AfYimbGxhwokp2VbSKcJzeInulOYLWQco63X424p7GbrVW69RNHpLrg=="
    }
  }
}
